
Microsoft Visual Studio Solution File, Format Version 12.00
# Visual Studio Version 16
VisualStudioVersion = 16.0.28922.388
MinimumVisualStudioVersion = 10.0.40219.1
Project("{9A19103F-16F7-4668-BE54-9A1E7A4F7556}") = "WebApplication2", "WebApplication2\WebApplication2.csproj", "{36C6066F-1B47-4C34-B72E-B2653CF995BF}"
EndProject
Global
	GlobalSection(SolutionConfigurationPlatforms) = preSolution
		Debug|Any CPU = Debug|Any CPU
		Release|Any CPU = Release|Any CPU
	EndGlobalSection
	GlobalSection(ProjectConfigurationPlatforms) = postSolution
		{36C6066F-1B47-4C34-B72E-B2653CF995BF}.Debug|Any CPU.ActiveCfg = Debug|Any CPU
		{36C6066F-1B47-4C34-B72E-B2653CF995BF}.Debug|Any CPU.Build.0 = Debug|Any CPU
		{36C6066F-1B47-4C34-B72E-B2653CF995BF}.Release|Any CPU.ActiveCfg = Release|Any CPU
		{36C6066F-1B47-4C34-B72E-B2653CF995BF}.Release|Any CPU.Build.0 = Release|Any CPU
	EndGlobalSection
	GlobalSection(SolutionProperties) = preSolution
		HideSolutionNode = FALSE
	EndGlobalSection
	GlobalSection(ExtensibilityGlobals) = postSolution
		SolutionGuid = {AF182AB1-3FB9-4E2A-B30F-5B0BDDFD0947}
	EndGlobalSection
EndGlobal
